
Microsoft Visual Studio Solution File, Format Version 11.00
# Visual Studio 2010
Project("{FAE04EC0-301F-11D3-BF4B-00C04F79EFBC}") = "DOGRobot", "DOG_Platform\DOGRobot.csproj", "{47CD334C-5D5F-4578-B844-BE707357CD9F}"
EndProject
Project("{54435603-DBB4-11D2-8724-00A0C9A8B90C}") = "DogRobotSetup", "DogRobotSetup\DogRobotSetup.vdproj", "{9ED1F5B6-66E3-4419-BBAE-13D8AB8EB0BF}"
EndProject
Global
	GlobalSection(SolutionConfigurationPlatforms) = preSolution
		Debug|Any CPU = Debug|Any CPU
		Release|Any CPU = Release|Any CPU
	EndGlobalSection
	GlobalSection(ProjectConfigurationPlatforms) = postSolution
		{47CD334C-5D5F-4578-B844-BE707357CD9F}.Debug|Any CPU.ActiveCfg = Debug|Any CPU
		{47CD334C-5D5F-4578-B844-BE707357CD9F}.Debug|Any CPU.Build.0 = Debug|Any CPU
		{47CD334C-5D5F-4578-B844-BE707357CD9F}.Release|Any CPU.ActiveCfg = Release|Any CPU
		{47CD334C-5D5F-4578-B844-BE707357CD9F}.Release|Any CPU.Build.0 = Release|Any CPU
		{9ED1F5B6-66E3-4419-BBAE-13D8AB8EB0BF}.Debug|Any CPU.ActiveCfg = Debug
		{9ED1F5B6-66E3-4419-BBAE-13D8AB8EB0BF}.Release|Any CPU.ActiveCfg = Release
	EndGlobalSection
	GlobalSection(SolutionProperties) = preSolution
		HideSolutionNode = FALSE
	EndGlobalSection
EndGlobal
